
Microsoft Visual Studio Solution File, Format Version 12.00
# Visual Studio Version 17
VisualStudioVersion = 17.4.33213.308
MinimumVisualStudioVersion = 10.0.40219.1
Project("{9A19103F-16F7-4668-BE54-9A1E7A4F7556}") = "RCWebApplication", "RCWebApplication\RCWebApplication.csproj", "{57035ADE-F5E6-456D-82B3-254FA3795DB3}"
EndProject
Project("{9A19103F-16F7-4668-BE54-9A1E7A4F7556}") = "Model", "Model\Model.csproj", "{88DC6D36-19CE-43F6-9B29-8371174F6475}"
EndProject
Project("{FAE04EC0-301F-11D3-BF4B-00C04F79EFBC}") = "Interface", "Interface\Interface.csproj", "{36B5C8C8-9B68-4815-96B8-BF255A96DF2F}"
EndProject
Project("{FAE04EC0-301F-11D3-BF4B-00C04F79EFBC}") = "Service", "Service\Service.csproj", "{3AEF2FFB-AC44-4E22-AB71-9F431492A74B}"
EndProject
Global
	GlobalSection(SolutionConfigurationPlatforms) = preSolution
		Debug|Any CPU = Debug|Any CPU
		Release|Any CPU = Release|Any CPU
	EndGlobalSection
	GlobalSection(ProjectConfigurationPlatforms) = postSolution
		{57035ADE-F5E6-456D-82B3-254FA3795DB3}.Debug|Any CPU.ActiveCfg = Debug|Any CPU
		{57035ADE-F5E6-456D-82B3-254FA3795DB3}.Debug|Any CPU.Build.0 = Debug|Any CPU
		{57035ADE-F5E6-456D-82B3-254FA3795DB3}.Release|Any CPU.ActiveCfg = Release|Any CPU
		{57035ADE-F5E6-456D-82B3-254FA3795DB3}.Release|Any CPU.Build.0 = Release|Any CPU
		{88DC6D36-19CE-43F6-9B29-8371174F6475}.Debug|Any CPU.ActiveCfg = Debug|Any CPU
		{88DC6D36-19CE-43F6-9B29-8371174F6475}.Debug|Any CPU.Build.0 = Debug|Any CPU
		{88DC6D36-19CE-43F6-9B29-8371174F6475}.Release|Any CPU.ActiveCfg = Release|Any CPU
		{88DC6D36-19CE-43F6-9B29-8371174F6475}.Release|Any CPU.Build.0 = Release|Any CPU
		{36B5C8C8-9B68-4815-96B8-BF255A96DF2F}.Debug|Any CPU.ActiveCfg = Debug|Any CPU
		{36B5C8C8-9B68-4815-96B8-BF255A96DF2F}.Debug|Any CPU.Build.0 = Debug|Any CPU
		{36B5C8C8-9B68-4815-96B8-BF255A96DF2F}.Release|Any CPU.ActiveCfg = Release|Any CPU
		{36B5C8C8-9B68-4815-96B8-BF255A96DF2F}.Release|Any CPU.Build.0 = Release|Any CPU
		{3AEF2FFB-AC44-4E22-AB71-9F431492A74B}.Debug|Any CPU.ActiveCfg = Debug|Any CPU
		{3AEF2FFB-AC44-4E22-AB71-9F431492A74B}.Debug|Any CPU.Build.0 = Debug|Any CPU
		{3AEF2FFB-AC44-4E22-AB71-9F431492A74B}.Release|Any CPU.ActiveCfg = Release|Any CPU
		{3AEF2FFB-AC44-4E22-AB71-9F431492A74B}.Release|Any CPU.Build.0 = Release|Any CPU
	EndGlobalSection
	GlobalSection(SolutionProperties) = preSolution
		HideSolutionNode = FALSE
	EndGlobalSection
	GlobalSection(ExtensibilityGlobals) = postSolution
		SolutionGuid = {F7551D5D-F7D9-4369-B7FF-98665CDA4E12}
	EndGlobalSection
EndGlobal
